
Microsoft Visual Studio Solution File, Format Version 12.00
# Visual Studio Version 17
VisualStudioVersion = 17.4.33103.184
MinimumVisualStudioVersion = 10.0.40219.1
Project("{FAE04EC0-301F-11D3-BF4B-00C04F79EFBC}") = "SpecFlowProject1", "SpecFlowProject1.csproj", "{AD2E321B-90FA-491D-8AF2-10BE62DE2C53}"
EndProject
Global
	GlobalSection(SolutionConfigurationPlatforms) = preSolution
		Debug|Any CPU = Debug|Any CPU
		Release|Any CPU = Release|Any CPU
	EndGlobalSection
	GlobalSection(ProjectConfigurationPlatforms) = postSolution
		{AD2E321B-90FA-491D-8AF2-10BE62DE2C53}.Debug|Any CPU.ActiveCfg = Debug|Any CPU
		{AD2E321B-90FA-491D-8AF2-10BE62DE2C53}.Debug|Any CPU.Build.0 = Debug|Any CPU
		{AD2E321B-90FA-491D-8AF2-10BE62DE2C53}.Release|Any CPU.ActiveCfg = Release|Any CPU
		{AD2E321B-90FA-491D-8AF2-10BE62DE2C53}.Release|Any CPU.Build.0 = Release|Any CPU
	EndGlobalSection
	GlobalSection(SolutionProperties) = preSolution
		HideSolutionNode = FALSE
	EndGlobalSection
	GlobalSection(ExtensibilityGlobals) = postSolution
		SolutionGuid = {AE3B9BD4-1786-495F-B8CD-422045C62473}
	EndGlobalSection
EndGlobal
